// !$*UTF8*$!
{
	archiveVersion = 1;
	classes = {
	};
	objectVersion = 48;
	objects = {

/* Begin PBXBuildFile section */
		D13CE87F1FF4C90D0046A3BF /* SVProgressHUD.bundle in Resources */ = {isa = PBXBuildFile; fileRef = D13CE87E1FF4C90D0046A3BF /* SVProgressHUD.bundle */; };
		D13CE8811FF4C91E0046A3BF /* MJRefresh.bundle in Resources */ = {isa = PBXBuildFile; fileRef = D13CE8801FF4C91E0046A3BF /* MJRefresh.bundle */; };
		D13CE8831FF4C9370046A3BF /* CHQueryDetailViewController.xib in Resources */ = {isa = PBXBuildFile; fileRef = D13CE8821FF4C9370046A3BF /* CHQueryDetailViewController.xib */; };
		D13CE8851FF4C94A0046A3BF /* CHInvoiceFeedBackViewController.xib in Resources */ = {isa = PBXBuildFile; fileRef = D13CE8841FF4C9490046A3BF /* CHInvoiceFeedBackViewController.xib */; };
		D13CE8971FF4D43C0046A3BF /* IOS_back@2x.png in Resources */ = {isa = PBXBuildFile; fileRef = D13CE8961FF4D43C0046A3BF /* IOS_back@2x.png */; };
		D1DF9ADD1FFC743700ABCDD0 /* sousuo@2x.png in Resources */ = {isa = PBXBuildFile; fileRef = D1DF9ADC1FFC743700ABCDD0 /* sousuo@2x.png */; };
/* End PBXBuildFile section */

/* Begin PBXFileReference section */
		D13CE8751FF4C7A50046A3BF /* Bundle.bundle */ = {isa = PBXFileReference; explicitFileType = wrapper.cfbundle; includeInIndex = 0; path = Bundle.bundle; sourceTree = BUILT_PRODUCTS_DIR; };
		D13CE8781FF4C7A50046A3BF /* Info.plist */ = {isa = PBXFileReference; lastKnownFileType = text.plist.xml; path = Info.plist; sourceTree = "<group>"; };
		D13CE87E1FF4C90D0046A3BF /* SVProgressHUD.bundle */ = {isa = PBXFileReference; lastKnownFileType = "wrapper.plug-in"; path = SVProgressHUD.bundle; sourceTree = "<group>"; };
		D13CE8801FF4C91E0046A3BF /* MJRefresh.bundle */ = {isa = PBXFileReference; lastKnownFileType = "wrapper.plug-in"; path = MJRefresh.bundle; sourceTree = "<group>"; };
		D13CE8821FF4C9370046A3BF /* CHQueryDetailViewController.xib */ = {isa = PBXFileReference; fileEncoding = 4; lastKnownFileType = file.xib; path = CHQueryDetailViewController.xib; sourceTree = "<group>"; };
		D13CE8841FF4C9490046A3BF /* CHInvoiceFeedBackViewController.xib */ = {isa = PBXFileReference; fileEncoding = 4; lastKnownFileType = file.xib; path = CHInvoiceFeedBackViewController.xib; sourceTree = "<group>"; };
		D13CE8961FF4D43C0046A3BF /* IOS_back@2x.png */ = {isa = PBXFileReference; lastKnownFileType = image.png; path = "IOS_back@2x.png"; sourceTree = "<group>"; };
		D1DF9ADC1FFC743700ABCDD0 /* sousuo@2x.png */ = {isa = PBXFileReference; lastKnownFileType = image.png; path = "sousuo@2x.png"; sourceTree = "<group>"; };
/* End PBXFileReference section */

/* Begin PBXFrameworksBuildPhase section */
		D13CE8721FF4C7A50046A3BF /* Frameworks */ = {
			isa = PBXFrameworksBuildPhase;
			buildActionMask = 2147483647;
			files = (
			);
			runOnlyForDeploymentPostprocessing = 0;
		};
/* End PBXFrameworksBuildPhase section */

/* Begin PBXGroup section */
		D13CE86C1FF4C7A50046A3BF = {
			isa = PBXGroup;
			children = (
				D13CE8771FF4C7A50046A3BF /* Bundle */,
				D13CE8761FF4C7A50046A3BF /* Products */,
			);
			sourceTree = "<group>";
		};
		D13CE8761FF4C7A50046A3BF /* Products */ = {
			isa = PBXGroup;
			children = (
				D13CE8751FF4C7A50046A3BF /* Bundle.bundle */,
			);
			name = Products;
			sourceTree = "<group>";
		};
		D13CE8771FF4C7A50046A3BF /* Bundle */ = {
			isa = PBXGroup;
			children = (
				D13CE8961FF4D43C0046A3BF /* IOS_back@2x.png */,
				D1DF9ADC1FFC743700ABCDD0 /* sousuo@2x.png */,
				D13CE8841FF4C9490046A3BF /* CHInvoiceFeedBackViewController.xib */,
				D13CE8821FF4C9370046A3BF /* CHQueryDetailViewController.xib */,
				D13CE8801FF4C91E0046A3BF /* MJRefresh.bundle */,
				D13CE87E1FF4C90D0046A3BF /* SVProgressHUD.bundle */,
				D13CE8781FF4C7A50046A3BF /* Info.plist */,
			);
			path = Bundle;
			sourceTree = "<group>";
		};
/* End PBXGroup section */

/* Begin PBXNativeTarget section */
		D13CE8741FF4C7A50046A3BF /* Bundle */ = {
			isa = PBXNativeTarget;
			buildConfigurationList = D13CE87B1FF4C7A50046A3BF /* Build configuration list for PBXNativeTarget "Bundle" */;
			buildPhases = (
				D13CE8711FF4C7A50046A3BF /* Sources */,
				D13CE8721FF4C7A50046A3BF /* Frameworks */,
				D13CE8731FF4C7A50046A3BF /* Resources */,
			);
			buildRules = (
			);
			dependencies = (
			);
			name = Bundle;
			productName = Bundle;
			productReference = D13CE8751FF4C7A50046A3BF /* Bundle.bundle */;
			productType = "com.apple.product-type.bundle";
		};
/* End PBXNativeTarget section */

/* Begin PBXProject section */
		D13CE86D1FF4C7A50046A3BF /* Project object */ = {
			isa = PBXProject;
			attributes = {
				LastUpgradeCheck = 0910;
				ORGANIZATIONNAME = weiguang;
				TargetAttributes = {
					D13CE8741FF4C7A50046A3BF = {
						CreatedOnToolsVersion = 9.1;
						ProvisioningStyle = Automatic;
					};
				};
			};
			buildConfigurationList = D13CE8701FF4C7A50046A3BF /* Build configuration list for PBXProject "Bundle" */;
			compatibilityVersion = "Xcode 8.0";
			developmentRegion = en;
			hasScannedForEncodings = 0;
			knownRegions = (
				en,
			);
			mainGroup = D13CE86C1FF4C7A50046A3BF;
			productRefGroup = D13CE8761FF4C7A50046A3BF /* Products */;
			projectDirPath = "";
			projectRoot = "";
			targets = (
				D13CE8741FF4C7A50046A3BF /* Bundle */,
			);
		};
/* End PBXProject section */

/* Begin PBXResourcesBuildPhase section */
		D13CE8731FF4C7A50046A3BF /* Resources */ = {
			isa = PBXResourcesBuildPhase;
			buildActionMask = 2147483647;
			files = (
				D13CE8971FF4D43C0046A3BF /* IOS_back@2x.png in Resources */,
				D13CE8851FF4C94A0046A3BF /* CHInvoiceFeedBackViewController.xib in Resources */,
				D13CE8811FF4C91E0046A3BF /* MJRefresh.bundle in Resources */,
				D1DF9ADD1FFC743700ABCDD0 /* sousuo@2x.png in Resources */,
				D13CE8831FF4C9370046A3BF /* CHQueryDetailViewController.xib in Resources */,
				D13CE87F1FF4C90D0046A3BF /* SVProgressHUD.bundle in Resources */,
			);
			runOnlyForDeploymentPostprocessing = 0;
		};
/* End PBXResourcesBuildPhase section */

/* Begin PBXSourcesBuildPhase section */
		D13CE8711FF4C7A50046A3BF /* Sources */ = {
			isa = PBXSourcesBuildPhase;
			buildActionMask = 2147483647;
			files = (
			);
			runOnlyForDeploymentPostprocessing = 0;
		};
/* End PBXSourcesBuildPhase section */

/* Begin XCBuildConfiguration section */
		D13CE8791FF4C7A50046A3BF /* Debug */ = {
			isa = XCBuildConfiguration;
			buildSettings = {
				ALWAYS_SEARCH_USER_PATHS = NO;
				CLANG_ANALYZER_NONNULL = YES;
				CLANG_ANALYZER_NUMBER_OBJECT_CONVERSION = YES_AGGRESSIVE;
				CLANG_CXX_LANGUAGE_STANDARD = "gnu++14";
				CLANG_CXX_LIBRARY = "libc++";
				CLANG_ENABLE_MODULES = YES;
				CLANG_ENABLE_OBJC_ARC = YES;
				CLANG_WARN_BLOCK_CAPTURE_AUTORELEASING = YES;
				CLANG_WARN_BOOL_CONVERSION = YES;
				CLANG_WARN_COMMA = YES;
				CLANG_WARN_CONSTANT_CONVERSION = YES;
				CLANG_WARN_DIRECT_OBJC_ISA_USAGE = YES_ERROR;
				CLANG_WARN_DOCUMENTATION_COMMENTS = YES;
				CLANG_WARN_EMPTY_BODY = YES;
				CLANG_WARN_ENUM_CONVERSION = YES;
				CLANG_WARN_INFINITE_RECURSION = YES;
				CLANG_WARN_INT_CONVERSION = YES;
				CLANG_WARN_NON_LITERAL_NULL_CONVERSION = YES;
				CLANG_WARN_OBJC_LITERAL_CONVERSION = YES;
				CLANG_WARN_OBJC_ROOT_CLASS = YES_ERROR;
				CLANG_WARN_RANGE_LOOP_ANALYSIS = YES;
				CLANG_WARN_STRICT_PROTOTYPES = YES;
				CLANG_WARN_SUSPICIOUS_MOVE = YES;
				CLANG_WARN_UNGUARDED_AVAILABILITY = YES_AGGRESSIVE;
				CLANG_WARN_UNREACHABLE_CODE = YES;
				CLANG_WARN__DUPLICATE_METHOD_MATCH = YES;
				CODE_SIGN_IDENTITY = "-";
				COPY_PHASE_STRIP = NO;
				DEBUG_INFORMATION_FORMAT = "dwarf-with-dsym";
				ENABLE_STRICT_OBJC_MSGSEND = YES;
				ENABLE_TESTABILITY = YES;
				GCC_C_LANGUAGE_STANDARD = gnu11;
				GCC_DYNAMIC_NO_PIC = NO;
				GCC_NO_COMMON_BLOCKS = YES;
				GCC_OPTIMIZATION_LEVEL = 0;
				GCC_PREPROCESSOR_DEFINITIONS = (
					"DEBUG=1",
					"$(inherited)",
				);
				GCC_WARN_64_TO_32_BIT_CONVERSION = YES;
				GCC_WARN_ABOUT_RETURN_TYPE = YES_ERROR;
				GCC_WARN_UNDECLARED_SELECTOR = YES;
				GCC_WARN_UNINITIALIZED_AUTOS = YES_AGGRESSIVE;
				GCC_WARN_UNUSED_FUNCTION = YES;
				GCC_WARN_UNUSED_VARIABLE = YES;
				IPHONEOS_DEPLOYMENT_TARGET = 8.0;
				MACH_O_TYPE = mh_execute;
				MACOSX_DEPLOYMENT_TARGET = 10.6;
				MTL_ENABLE_DEBUG_INFO = YES;
				ONLY_ACTIVE_ARCH = YES;
				SDKROOT = iphoneos;
				SUPPORTED_PLATFORMS = "iphonesimulator iphoneos";
				TARGETED_DEVICE_FAMILY = "1,2";
			};
			name = Debug;
		};
		D13CE87A1FF4C7A50046A3BF /* Release */ = {
			isa = XCBuildConfiguration;
			buildSettings = {
				ALWAYS_SEARCH_USER_PATHS = NO;
				CLANG_ANALYZER_NONNULL = YES;
				CLANG_ANALYZER_NUMBER_OBJECT_CONVERSION = YES_AGGRESSIVE;
				CLANG_CXX_LANGUAGE_STANDARD = "gnu++14";
				CLANG_CXX_LIBRARY = "libc++";
				CLANG_ENABLE_MODULES = YES;
				CLANG_ENABLE_OBJC_ARC = YES;
				CLANG_WARN_BLOCK_CAPTURE_AUTORELEASING = YES;
				CLANG_WARN_BOOL_CONVERSION = YES;
				CLANG_WARN_COMMA = YES;
				CLANG_WARN_CONSTANT_CONVERSION = YES;
				CLANG_WARN_DIRECT_OBJC_ISA_USAGE = YES_ERROR;
				CLANG_WARN_DOCUMENTATION_COMMENTS = YES;
				CLANG_WARN_EMPTY_BODY = YES;
				CLANG_WARN_ENUM_CONVERSION = YES;
				CLANG_WARN_INFINITE_RECURSION = YES;
				CLANG_WARN_INT_CONVERSION = YES;
				CLANG_WARN_NON_LITERAL_NULL_CONVERSION = YES;
				CLANG_WARN_OBJC_LITERAL_CONVERSION = YES;
				CLANG_WARN_OBJC_ROOT_CLASS = YES_ERROR;
				CLANG_WARN_RANGE_LOOP_ANALYSIS = YES;
				CLANG_WARN_STRICT_PROTOTYPES = YES;
				CLANG_WARN_SUSPICIOUS_MOVE = YES;
				CLANG_WARN_UNGUARDED_AVAILABILITY = YES_AGGRESSIVE;
				CLANG_WARN_UNREACHABLE_CODE = YES;
				CLANG_WARN__DUPLICATE_METHOD_MATCH = YES;
				CODE_SIGN_IDENTITY = "-";
				COPY_PHASE_STRIP = YES;
				DEBUG_INFORMATION_FORMAT = "dwarf-with-dsym";
				ENABLE_NS_ASSERTIONS = NO;
				ENABLE_STRICT_OBJC_MSGSEND = YES;
				GCC_C_LANGUAGE_STANDARD = gnu11;
				GCC_NO_COMMON_BLOCKS = YES;
				GCC_WARN_64_TO_32_BIT_CONVERSION = YES;
				GCC_WARN_ABOUT_RETURN_TYPE = YES_ERROR;
				GCC_WARN_UNDECLARED_SELECTOR = YES;
				GCC_WARN_UNINITIALIZED_AUTOS = YES_AGGRESSIVE;
				GCC_WARN_UNUSED_FUNCTION = YES;
				GCC_WARN_UNUSED_VARIABLE = YES;
				IPHONEOS_DEPLOYMENT_TARGET = 8.0;
				MACH_O_TYPE = mh_execute;
				MACOSX_DEPLOYMENT_TARGET = 10.6;
				MTL_ENABLE_DEBUG_INFO = NO;
				ONLY_ACTIVE_ARCH = YES;
				SDKROOT = iphoneos;
				SUPPORTED_PLATFORMS = "iphonesimulator iphoneos";
				TARGETED_DEVICE_FAMILY = "1,2";
			};
			name = Release;
		};
		D13CE87C1FF4C7A50046A3BF /* Debug */ = {
			isa = XCBuildConfiguration;
			buildSettings = {
				CODE_SIGN_STYLE = Automatic;
				COMBINE_HIDPI_IMAGES = NO;
				INFOPLIST_FILE = Bundle/Info.plist;
				INSTALL_PATH = "$(LOCAL_LIBRARY_DIR)/Bundles";
				MACOSX_DEPLOYMENT_TARGET = 10.6;
				PRODUCT_BUNDLE_IDENTIFIER = changhong.Bundle;
				PRODUCT_NAME = "$(TARGET_NAME)";
				SKIP_INSTALL = YES;
				WRAPPER_EXTENSION = bundle;
			};
			name = Debug;
		};
		D13CE87D1FF4C7A50046A3BF /* Release */ = {
			isa = XCBuildConfiguration;
			buildSettings = {
				CODE_SIGN_STYLE = Automatic;
				COMBINE_HIDPI_IMAGES = NO;
				INFOPLIST_FILE = Bundle/Info.plist;
				INSTALL_PATH = "$(LOCAL_LIBRARY_DIR)/Bundles";
				MACOSX_DEPLOYMENT_TARGET = 10.6;
				PRODUCT_BUNDLE_IDENTIFIER = changhong.Bundle;
				PRODUCT_NAME = "$(TARGET_NAME)";
				SKIP_INSTALL = YES;
				WRAPPER_EXTENSION = bundle;
			};
			name = Release;
		};
/* End XCBuildConfiguration section */

/* Begin XCConfigurationList section */
		D13CE8701FF4C7A50046A3BF /* Build configuration list for PBXProject "Bundle" */ = {
			isa = XCConfigurationList;
			buildConfigurations = (
				D13CE8791FF4C7A50046A3BF /* Debug */,
				D13CE87A1FF4C7A50046A3BF /* Release */,
			);
			defaultConfigurationIsVisible = 0;
			defaultConfigurationName = Release;
		};
		D13CE87B1FF4C7A50046A3BF /* Build configuration list for PBXNativeTarget "Bundle" */ = {
			isa = XCConfigurationList;
			buildConfigurations = (
				D13CE87C1FF4C7A50046A3BF /* Debug */,
				D13CE87D1FF4C7A50046A3BF /* Release */,
			);
			defaultConfigurationIsVisible = 0;
			defaultConfigurationName = Release;
		};
/* End XCConfigurationList section */
	};
	rootObject = D13CE86D1FF4C7A50046A3BF /* Project object */;
}
